Microsoft Visual Studio Solution File, Format Version 11.00
# Visual Studio 2008

Project("{9716F1CD-8167-532A-378E-5BB278B2D18E}") = "PongGAME", "Assembly-CSharp-vs.csproj", "{24B4ED48-CE5F-C3EB-2109-F1972A5AB607}"
EndProject
Global
	GlobalSection(SolutionConfigurationPlatforms) = preSolution
		Debug|Any CPU = Debug|Any CPU
		Release|Any CPU = Release|Any CPU
	EndGlobalSection
	GlobalSection(ProjectConfigurationPlatforms) = postSolution
		{24B4ED48-CE5F-C3EB-2109-F1972A5AB607}.Debug|Any CPU.ActiveCfg = Debug|Any CPU
		{24B4ED48-CE5F-C3EB-2109-F1972A5AB607}.Debug|Any CPU.Build.0 = Debug|Any CPU
		{24B4ED48-CE5F-C3EB-2109-F1972A5AB607}.Release|Any CPU.ActiveCfg = Release|Any CPU
		{24B4ED48-CE5F-C3EB-2109-F1972A5AB607}.Release|Any CPU.Build.0 = Release|Any CPU
	EndGlobalSection
	GlobalSection(SolutionProperties) = preSolution
		HideSolutionNode = FALSE
	EndGlobalSection
				GlobalSection(MonoDevelopProperties) = preSolution
		StartupItem = Assembly-CSharp.csproj
		Policies = $0
		$0.TextStylePolicy = $1
		$1.inheritsSet = null
		$1.scope = text/x-csharp
		$0.CSharpFormattingPolicy = $2
		$2.inheritsSet = Mono
		$2.inheritsScope = text/x-csharp
		$2.scope = text/x-csharp
		$0.TextStylePolicy = $3
		$3.FileWidth = 120
		$3.TabWidth = 4
		$3.IndentWidth = 4
		$3.EolMarker = Unix
		$3.inheritsSet = Mono
		$3.inheritsScope = text/plain
		$3.scope = text/plain
	EndGlobalSection

EndGlobal
